
Microsoft Visual Studio Solution File, Format Version 12.00
# Visual Studio Version 17
VisualStudioVersion = 17.3.32929.385
MinimumVisualStudioVersion = 10.0.40219.1
Project("{FAE04EC0-301F-11D3-BF4B-00C04F79EFBC}") = "Happy", "Happy\Happy.csproj", "{BD9BC8A2-D351-4A8F-B0CB-3305F68B4D05}"
EndProject
Global
	GlobalSection(SolutionConfigurationPlatforms) = preSolution
		Debug|Any CPU = Debug|Any CPU
		Release|Any CPU = Release|Any CPU
	EndGlobalSection
	GlobalSection(ProjectConfigurationPlatforms) = postSolution
		{BD9BC8A2-D351-4A8F-B0CB-3305F68B4D05}.Debug|Any CPU.ActiveCfg = Debug|Any CPU
		{BD9BC8A2-D351-4A8F-B0CB-3305F68B4D05}.Debug|Any CPU.Build.0 = Debug|Any CPU
		{BD9BC8A2-D351-4A8F-B0CB-3305F68B4D05}.Release|Any CPU.ActiveCfg = Release|Any CPU
		{BD9BC8A2-D351-4A8F-B0CB-3305F68B4D05}.Release|Any CPU.Build.0 = Release|Any CPU
	EndGlobalSection
	GlobalSection(SolutionProperties) = preSolution
		HideSolutionNode = FALSE
	EndGlobalSection
	GlobalSection(ExtensibilityGlobals) = postSolution
		SolutionGuid = {2FA95839-CEF7-42F7-8D7D-87B1239D6951}
	EndGlobalSection
EndGlobal
